
Microsoft Visual Studio Solution File, Format Version 12.00
# Visual Studio Version 16
VisualStudioVersion = 16.0.30907.101
MinimumVisualStudioVersion = 10.0.40219.1
Project("{FAE04EC0-301F-11D3-BF4B-00C04F79EFBC}") = "HttpHelper", "HttpHelper\HttpHelper.csproj", "{FE0DE766-B204-4F43-AB43-201AFD144AF6}"
EndProject
Global
	GlobalSection(SolutionConfigurationPlatforms) = preSolution
		Debug|Any CPU = Debug|Any CPU
		Release|Any CPU = Release|Any CPU
	EndGlobalSection
	GlobalSection(ProjectConfigurationPlatforms) = postSolution
		{FE0DE766-B204-4F43-AB43-201AFD144AF6}.Debug|Any CPU.ActiveCfg = Debug|Any CPU
		{FE0DE766-B204-4F43-AB43-201AFD144AF6}.Debug|Any CPU.Build.0 = Debug|Any CPU
		{FE0DE766-B204-4F43-AB43-201AFD144AF6}.Release|Any CPU.ActiveCfg = Release|Any CPU
		{FE0DE766-B204-4F43-AB43-201AFD144AF6}.Release|Any CPU.Build.0 = Release|Any CPU
	EndGlobalSection
	GlobalSection(SolutionProperties) = preSolution
		HideSolutionNode = FALSE
	EndGlobalSection
	GlobalSection(ExtensibilityGlobals) = postSolution
		SolutionGuid = {581DB394-F39F-4CFB-B73C-9D3CE4CDCBAA}
	EndGlobalSection
EndGlobal
